
Microsoft Visual Studio Solution File, Format Version 12.00
# Visual Studio Version 17
VisualStudioVersion = 17.11.35222.181
MinimumVisualStudioVersion = 10.0.40219.1
Project("{FAE04EC0-301F-11D3-BF4B-00C04F79EFBC}") = "cwiczenia1", "cwiczenia1\cwiczenia1.csproj", "{14D4898B-1609-4DE1-B4C7-EA942132B60D}"
EndProject
Global
	GlobalSection(SolutionConfigurationPlatforms) = preSolution
		Debug|Any CPU = Debug|Any CPU
		Release|Any CPU = Release|Any CPU
	EndGlobalSection
	GlobalSection(ProjectConfigurationPlatforms) = postSolution
		{14D4898B-1609-4DE1-B4C7-EA942132B60D}.Debug|Any CPU.ActiveCfg = Debug|Any CPU
		{14D4898B-1609-4DE1-B4C7-EA942132B60D}.Debug|Any CPU.Build.0 = Debug|Any CPU
		{14D4898B-1609-4DE1-B4C7-EA942132B60D}.Release|Any CPU.ActiveCfg = Release|Any CPU
		{14D4898B-1609-4DE1-B4C7-EA942132B60D}.Release|Any CPU.Build.0 = Release|Any CPU
	EndGlobalSection
	GlobalSection(SolutionProperties) = preSolution
		HideSolutionNode = FALSE
	EndGlobalSection
	GlobalSection(ExtensibilityGlobals) = postSolution
		SolutionGuid = {97224FFB-30EB-42F0-9B6F-56C497E4CDBF}
	EndGlobalSection
EndGlobal
